
Microsoft Visual Studio Solution File, Format Version 12.00
# Visual Studio Version 17
VisualStudioVersion = 17.14.36603.0
MinimumVisualStudioVersion = 10.0.40219.1
Project("{2150E333-8FDC-42A3-9474-1A3956D46DE8}") = "Task0", "Task0", "{02EA681E-C7D8-13C7-8484-4AC65E1B71E8}"
EndProject
Project("{FAE04EC0-301F-11D3-BF4B-00C04F79EFBC}") = "Tyuiu.SamolovovaOA.Sprint3.Task0.V14", "Tyuiu.SamolovovaOA.Sprint3.Task0.V14\Tyuiu.SamolovovaOA.Sprint3.Task0.V14.csproj", "{A1277261-7DCD-4F02-8623-3719F4134A69}"
EndProject
Project("{FAE04EC0-301F-11D3-BF4B-00C04F79EFBC}") = "Tyuiu.SamolovovaOA.Sprint3.Task0.V14.Lib", "Tyuiu.SamolovovaOA.Sprint3.Task0.V14.Lib\Tyuiu.SamolovovaOA.Sprint3.Task0.V14.Lib.csproj", "{96BC48C2-F294-4FD3-9CAD-1C2B6F132DEE}"
EndProject
Project("{FAE04EC0-301F-11D3-BF4B-00C04F79EFBC}") = "Tyuiu.SamolovovaOA.Sprint3.Task0.V14.Test", "Tyuiu.SamolovovaOA.Sprint3.Task0.V14.Test\Tyuiu.SamolovovaOA.Sprint3.Task0.V14.Test.csproj", "{F7E6162E-3F6E-489B-BFD2-7ECE158F2E97}"
EndProject
Project("{2150E333-8FDC-42A3-9474-1A3956D46DE8}") = "Task1", "Task1", "{FE124442-1D84-455B-BD3E-B6EE83AA3631}"
EndProject
Project("{FAE04EC0-301F-11D3-BF4B-00C04F79EFBC}") = "Tyuiu.SamolovovaOA.Sprint3.Task1.V14", "Tyuiu.SamolovovaOA.Sprint3.Task1.V14\Tyuiu.SamolovovaOA.Sprint3.Task1.V14.csproj", "{D560E1D8-BB13-49E4-BB56-1042C359ADB8}"
EndProject
Project("{FAE04EC0-301F-11D3-BF4B-00C04F79EFBC}") = "Tyuiu.SamolovovaOA.Sprint3.Task1.V14.Lib", "Tyuiu.SamolovovaOA.Sprint3.Task1.V14.Lib\Tyuiu.SamolovovaOA.Sprint3.Task1.V14.Lib.csproj", "{D6987EA5-8584-499D-9C94-9D238FA266C6}"
EndProject
Project("{FAE04EC0-301F-11D3-BF4B-00C04F79EFBC}") = "Tyuiu.SamolovovaOA.Sprint3.Task1.V14.Test", "Tyuiu.SamolovovaOA.Sprint3.Task1.V14.Test\Tyuiu.SamolovovaOA.Sprint3.Task1.V14.Test.csproj", "{9DE80065-6F8B-4A4C-9981-444216B0E8A3}"
EndProject
Project("{2150E333-8FDC-42A3-9474-1A3956D46DE8}") = "Task2", "Task2", "{A43413D7-9E46-4C55-9693-DD5982FCBE66}"
EndProject
Project("{FAE04EC0-301F-11D3-BF4B-00C04F79EFBC}") = "Tyuiu.SamolovovaOA.Sprint3.Task2.V13", "Tyuiu.SamolovovaOA.Sprint3.Task2.V13\Tyuiu.SamolovovaOA.Sprint3.Task2.V13.csproj", "{D277DF05-D733-49C7-A982-478BED4EAFEB}"
EndProject
Project("{FAE04EC0-301F-11D3-BF4B-00C04F79EFBC}") = "Tyuiu.SamolovovaOA.Sprint3.Task2.V13.Lib", "Tyuiu.SamolovovaOA.Sprint3.Task2.V13.Lib\Tyuiu.SamolovovaOA.Sprint3.Task2.V13.Lib.csproj", "{CAC447BD-1A49-4D47-BE05-F3E8E32B9898}"
EndProject
Project("{FAE04EC0-301F-11D3-BF4B-00C04F79EFBC}") = "Tyuiu.SamolovovaOA.Sprint3.Task2.V13.Test", "Tyuiu.SamolovovaOA.Sprint3.Task2.V13.Test\Tyuiu.SamolovovaOA.Sprint3.Task2.V13.Test.csproj", "{07FD37A3-2F14-499E-8E2C-22B92F055E06}"
EndProject
Project("{2150E333-8FDC-42A3-9474-1A3956D46DE8}") = "Task3", "Task3", "{61DF61AA-1988-42AC-ABB7-A31C830B4E35}"
EndProject
Project("{FAE04EC0-301F-11D3-BF4B-00C04F79EFBC}") = "Tyuiu.SamolovovaOA.Sprint3.Task3.V28", "Tyuiu.SamolovovaOA.Sprint3.Task3.V28\Tyuiu.SamolovovaOA.Sprint3.Task3.V28.csproj", "{C8B653D1-5ABC-4954-93BC-AA64B22B0B50}"
EndProject
Project("{FAE04EC0-301F-11D3-BF4B-00C04F79EFBC}") = "Tyuiu.SamolovovaOA.Sprint3.Task3.V28.Lib", "Tyuiu.SamolovovaOA.Sprint3.Task3.V28.Lib\Tyuiu.SamolovovaOA.Sprint3.Task3.V28.Lib.csproj", "{5901F336-3FAF-4FD1-916C-8B77CE9AE73E}"
EndProject
Project("{FAE04EC0-301F-11D3-BF4B-00C04F79EFBC}") = "Tyuiu.SamolovovaOA.Sprint3.Task3.V28.Test", "Tyuiu.SamolovovaOA.Sprint3.Task3.V28.Test\Tyuiu.SamolovovaOA.Sprint3.Task3.V28.Test.csproj", "{6D33DA6A-B937-4D64-AB33-9FAA7DA70568}"
EndProject
Project("{2150E333-8FDC-42A3-9474-1A3956D46DE8}") = "Task4", "Task4", "{BA604C05-C4D0-4475-AF09-9AFB27050042}"
EndProject
Project("{FAE04EC0-301F-11D3-BF4B-00C04F79EFBC}") = "Tyuiu.SamolovovaOA.Sprint3.Task4.V18", "Tyuiu.SamolovovaOA.Sprint3.Task4.V18\Tyuiu.SamolovovaOA.Sprint3.Task4.V18.csproj", "{A3BBD9A2-D113-4788-95F2-60ABBB1E3670}"
EndProject
Project("{FAE04EC0-301F-11D3-BF4B-00C04F79EFBC}") = "Tyuiu.SamolovovaOA.Sprint3.Task4.V18.Lib", "Tyuiu.SamolovovaOA.Sprint3.Task4.V18.Lib\Tyuiu.SamolovovaOA.Sprint3.Task4.V18.Lib.csproj", "{F6DAED7B-4328-4A11-BA7E-65651621A8F4}"
EndProject
Project("{FAE04EC0-301F-11D3-BF4B-00C04F79EFBC}") = "Tyuiu.SamolovovaOA.Sprint3.Task4.V18.Test", "Tyuiu.SamolovovaOA.Sprint3.Task4.V18.Test\Tyuiu.SamolovovaOA.Sprint3.Task4.V18.Test.csproj", "{9D0E340C-72F8-4D5C-A7A8-59D3C926EB36}"
EndProject
Project("{2150E333-8FDC-42A3-9474-1A3956D46DE8}") = "Task5", "Task5", "{9A178B7A-8913-474B-9C64-B8B6E35B3E6B}"
EndProject
Project("{FAE04EC0-301F-11D3-BF4B-00C04F79EFBC}") = "Tyuiu.SamolovovaOA.Sprint3.Task5.V17", "Tyuiu.SamolovovaOA.Sprint3.Task5.V17\Tyuiu.SamolovovaOA.Sprint3.Task5.V17.csproj", "{C9E1AFFF-6E39-4C7A-8561-11A5BE3237C3}"
EndProject
Project("{FAE04EC0-301F-11D3-BF4B-00C04F79EFBC}") = "Tyuiu.SamolovovaOA.Sprint3.Task5.V17.Lib", "Tyuiu.SamolovovaOA.Sprint3.Task5.V17.Lib\Tyuiu.SamolovovaOA.Sprint3.Task5.V17.Lib.csproj", "{2729AA66-4C7F-4FEF-8DC3-007BA0399684}"
EndProject
Project("{FAE04EC0-301F-11D3-BF4B-00C04F79EFBC}") = "Tyuiu.SamolovovaOA.Sprint3.Task5.V17.Test", "Tyuiu.SamolovovaOA.Sprint3.Task5.V17.Test\Tyuiu.SamolovovaOA.Sprint3.Task5.V17.Test.csproj", "{16ED0686-CD3F-415E-B0E4-FFA314099887}"
EndProject
Global
	GlobalSection(SolutionConfigurationPlatforms) = preSolution
		Debug|Any CPU = Debug|Any CPU
		Release|Any CPU = Release|Any CPU
	EndGlobalSection
	GlobalSection(ProjectConfigurationPlatforms) = postSolution
		{A1277261-7DCD-4F02-8623-3719F4134A69}.Debug|Any CPU.ActiveCfg = Debug|Any CPU
		{A1277261-7DCD-4F02-8623-3719F4134A69}.Debug|Any CPU.Build.0 = Debug|Any CPU
		{A1277261-7DCD-4F02-8623-3719F4134A69}.Release|Any CPU.ActiveCfg = Release|Any CPU
		{A1277261-7DCD-4F02-8623-3719F4134A69}.Release|Any CPU.Build.0 = Release|Any CPU
		{96BC48C2-F294-4FD3-9CAD-1C2B6F132DEE}.Debug|Any CPU.ActiveCfg = Debug|Any CPU
		{96BC48C2-F294-4FD3-9CAD-1C2B6F132DEE}.Debug|Any CPU.Build.0 = Debug|Any CPU
		{96BC48C2-F294-4FD3-9CAD-1C2B6F132DEE}.Release|Any CPU.ActiveCfg = Release|Any CPU
		{96BC48C2-F294-4FD3-9CAD-1C2B6F132DEE}.Release|Any CPU.Build.0 = Release|Any CPU
		{F7E6162E-3F6E-489B-BFD2-7ECE158F2E97}.Debug|Any CPU.ActiveCfg = Debug|Any CPU
		{F7E6162E-3F6E-489B-BFD2-7ECE158F2E97}.Debug|Any CPU.Build.0 = Debug|Any CPU
		{F7E6162E-3F6E-489B-BFD2-7ECE158F2E97}.Release|Any CPU.ActiveCfg = Release|Any CPU
		{F7E6162E-3F6E-489B-BFD2-7ECE158F2E97}.Release|Any CPU.Build.0 = Release|Any CPU
		{D560E1D8-BB13-49E4-BB56-1042C359ADB8}.Debug|Any CPU.ActiveCfg = Debug|Any CPU
		{D560E1D8-BB13-49E4-BB56-1042C359ADB8}.Debug|Any CPU.Build.0 = Debug|Any CPU
		{D560E1D8-BB13-49E4-BB56-1042C359ADB8}.Release|Any CPU.ActiveCfg = Release|Any CPU
		{D560E1D8-BB13-49E4-BB56-1042C359ADB8}.Release|Any CPU.Build.0 = Release|Any CPU
		{D6987EA5-8584-499D-9C94-9D238FA266C6}.Debug|Any CPU.ActiveCfg = Debug|Any CPU
		{D6987EA5-8584-499D-9C94-9D238FA266C6}.Debug|Any CPU.Build.0 = Debug|Any CPU
		{D6987EA5-8584-499D-9C94-9D238FA266C6}.Release|Any CPU.ActiveCfg = Release|Any CPU
		{D6987EA5-8584-499D-9C94-9D238FA266C6}.Release|Any CPU.Build.0 = Release|Any CPU
		{9DE80065-6F8B-4A4C-9981-444216B0E8A3}.Debug|Any CPU.ActiveCfg = Debug|Any CPU
		{9DE80065-6F8B-4A4C-9981-444216B0E8A3}.Debug|Any CPU.Build.0 = Debug|Any CPU
		{9DE80065-6F8B-4A4C-9981-444216B0E8A3}.Release|Any CPU.ActiveCfg = Release|Any CPU
		{9DE80065-6F8B-4A4C-9981-444216B0E8A3}.Release|Any CPU.Build.0 = Release|Any CPU
		{D277DF05-D733-49C7-A982-478BED4EAFEB}.Debug|Any CPU.ActiveCfg = Debug|Any CPU
		{D277DF05-D733-49C7-A982-478BED4EAFEB}.Debug|Any CPU.Build.0 = Debug|Any CPU
		{D277DF05-D733-49C7-A982-478BED4EAFEB}.Release|Any CPU.ActiveCfg = Release|Any CPU
		{D277DF05-D733-49C7-A982-478BED4EAFEB}.Release|Any CPU.Build.0 = Release|Any CPU
		{CAC447BD-1A49-4D47-BE05-F3E8E32B9898}.Debug|Any CPU.ActiveCfg = Debug|Any CPU
		{CAC447BD-1A49-4D47-BE05-F3E8E32B9898}.Debug|Any CPU.Build.0 = Debug|Any CPU
		{CAC447BD-1A49-4D47-BE05-F3E8E32B9898}.Release|Any CPU.ActiveCfg = Release|Any CPU
		{CAC447BD-1A49-4D47-BE05-F3E8E32B9898}.Release|Any CPU.Build.0 = Release|Any CPU
		{07FD37A3-2F14-499E-8E2C-22B92F055E06}.Debug|Any CPU.ActiveCfg = Debug|Any CPU
		{07FD37A3-2F14-499E-8E2C-22B92F055E06}.Debug|Any CPU.Build.0 = Debug|Any CPU
		{07FD37A3-2F14-499E-8E2C-22B92F055E06}.Release|Any CPU.ActiveCfg = Release|Any CPU
		{07FD37A3-2F14-499E-8E2C-22B92F055E06}.Release|Any CPU.Build.0 = Release|Any CPU
		{C8B653D1-5ABC-4954-93BC-AA64B22B0B50}.Debug|Any CPU.ActiveCfg = Debug|Any CPU
		{C8B653D1-5ABC-4954-93BC-AA64B22B0B50}.Debug|Any CPU.Build.0 = Debug|Any CPU
		{C8B653D1-5ABC-4954-93BC-AA64B22B0B50}.Release|Any CPU.ActiveCfg = Release|Any CPU
		{C8B653D1-5ABC-4954-93BC-AA64B22B0B50}.Release|Any CPU.Build.0 = Release|Any CPU
		{5901F336-3FAF-4FD1-916C-8B77CE9AE73E}.Debug|Any CPU.ActiveCfg = Debug|Any CPU
		{5901F336-3FAF-4FD1-916C-8B77CE9AE73E}.Debug|Any CPU.Build.0 = Debug|Any CPU
		{5901F336-3FAF-4FD1-916C-8B77CE9AE73E}.Release|Any CPU.ActiveCfg = Release|Any CPU
		{5901F336-3FAF-4FD1-916C-8B77CE9AE73E}.Release|Any CPU.Build.0 = Release|Any CPU
		{6D33DA6A-B937-4D64-AB33-9FAA7DA70568}.Debug|Any CPU.ActiveCfg = Debug|Any CPU
		{6D33DA6A-B937-4D64-AB33-9FAA7DA70568}.Debug|Any CPU.Build.0 = Debug|Any CPU
		{6D33DA6A-B937-4D64-AB33-9FAA7DA70568}.Release|Any CPU.ActiveCfg = Release|Any CPU
		{6D33DA6A-B937-4D64-AB33-9FAA7DA70568}.Release|Any CPU.Build.0 = Release|Any CPU
		{A3BBD9A2-D113-4788-95F2-60ABBB1E3670}.Debug|Any CPU.ActiveCfg = Debug|Any CPU
		{A3BBD9A2-D113-4788-95F2-60ABBB1E3670}.Debug|Any CPU.Build.0 = Debug|Any CPU
		{A3BBD9A2-D113-4788-95F2-60ABBB1E3670}.Release|Any CPU.ActiveCfg = Release|Any CPU
		{A3BBD9A2-D113-4788-95F2-60ABBB1E3670}.Release|Any CPU.Build.0 = Release|Any CPU
		{F6DAED7B-4328-4A11-BA7E-65651621A8F4}.Debug|Any CPU.ActiveCfg = Debug|Any CPU
		{F6DAED7B-4328-4A11-BA7E-65651621A8F4}.Debug|Any CPU.Build.0 = Debug|Any CPU
		{F6DAED7B-4328-4A11-BA7E-65651621A8F4}.Release|Any CPU.ActiveCfg = Release|Any CPU
		{F6DAED7B-4328-4A11-BA7E-65651621A8F4}.Release|Any CPU.Build.0 = Release|Any CPU
		{9D0E340C-72F8-4D5C-A7A8-59D3C926EB36}.Debug|Any CPU.ActiveCfg = Debug|Any CPU
		{9D0E340C-72F8-4D5C-A7A8-59D3C926EB36}.Debug|Any CPU.Build.0 = Debug|Any CPU
		{9D0E340C-72F8-4D5C-A7A8-59D3C926EB36}.Release|Any CPU.ActiveCfg = Release|Any CPU
		{9D0E340C-72F8-4D5C-A7A8-59D3C926EB36}.Release|Any CPU.Build.0 = Release|Any CPU
		{C9E1AFFF-6E39-4C7A-8561-11A5BE3237C3}.Debug|Any CPU.ActiveCfg = Debug|Any CPU
		{C9E1AFFF-6E39-4C7A-8561-11A5BE3237C3}.Debug|Any CPU.Build.0 = Debug|Any CPU
		{C9E1AFFF-6E39-4C7A-8561-11A5BE3237C3}.Release|Any CPU.ActiveCfg = Release|Any CPU
		{C9E1AFFF-6E39-4C7A-8561-11A5BE3237C3}.Release|Any CPU.Build.0 = Release|Any CPU
		{2729AA66-4C7F-4FEF-8DC3-007BA0399684}.Debug|Any CPU.ActiveCfg = Debug|Any CPU
		{2729AA66-4C7F-4FEF-8DC3-007BA0399684}.Debug|Any CPU.Build.0 = Debug|Any CPU
		{2729AA66-4C7F-4FEF-8DC3-007BA0399684}.Release|Any CPU.ActiveCfg = Release|Any CPU
		{2729AA66-4C7F-4FEF-8DC3-007BA0399684}.Release|Any CPU.Build.0 = Release|Any CPU
		{16ED0686-CD3F-415E-B0E4-FFA314099887}.Debug|Any CPU.ActiveCfg = Debug|Any CPU
		{16ED0686-CD3F-415E-B0E4-FFA314099887}.Debug|Any CPU.Build.0 = Debug|Any CPU
		{16ED0686-CD3F-415E-B0E4-FFA314099887}.Release|Any CPU.ActiveCfg = Release|Any CPU
		{16ED0686-CD3F-415E-B0E4-FFA314099887}.Release|Any CPU.Build.0 = Release|Any CPU
	EndGlobalSection
	GlobalSection(SolutionProperties) = preSolution
		HideSolutionNode = FALSE
	EndGlobalSection
	GlobalSection(NestedProjects) = preSolution
		{A1277261-7DCD-4F02-8623-3719F4134A69} = {02EA681E-C7D8-13C7-8484-4AC65E1B71E8}
		{96BC48C2-F294-4FD3-9CAD-1C2B6F132DEE} = {02EA681E-C7D8-13C7-8484-4AC65E1B71E8}
		{F7E6162E-3F6E-489B-BFD2-7ECE158F2E97} = {02EA681E-C7D8-13C7-8484-4AC65E1B71E8}
		{D560E1D8-BB13-49E4-BB56-1042C359ADB8} = {FE124442-1D84-455B-BD3E-B6EE83AA3631}
		{D6987EA5-8584-499D-9C94-9D238FA266C6} = {FE124442-1D84-455B-BD3E-B6EE83AA3631}
		{9DE80065-6F8B-4A4C-9981-444216B0E8A3} = {FE124442-1D84-455B-BD3E-B6EE83AA3631}
		{D277DF05-D733-49C7-A982-478BED4EAFEB} = {A43413D7-9E46-4C55-9693-DD5982FCBE66}
		{CAC447BD-1A49-4D47-BE05-F3E8E32B9898} = {A43413D7-9E46-4C55-9693-DD5982FCBE66}
		{07FD37A3-2F14-499E-8E2C-22B92F055E06} = {A43413D7-9E46-4C55-9693-DD5982FCBE66}
		{C8B653D1-5ABC-4954-93BC-AA64B22B0B50} = {61DF61AA-1988-42AC-ABB7-A31C830B4E35}
		{5901F336-3FAF-4FD1-916C-8B77CE9AE73E} = {61DF61AA-1988-42AC-ABB7-A31C830B4E35}
		{6D33DA6A-B937-4D64-AB33-9FAA7DA70568} = {61DF61AA-1988-42AC-ABB7-A31C830B4E35}
		{A3BBD9A2-D113-4788-95F2-60ABBB1E3670} = {BA604C05-C4D0-4475-AF09-9AFB27050042}
		{F6DAED7B-4328-4A11-BA7E-65651621A8F4} = {BA604C05-C4D0-4475-AF09-9AFB27050042}
		{9D0E340C-72F8-4D5C-A7A8-59D3C926EB36} = {BA604C05-C4D0-4475-AF09-9AFB27050042}
		{C9E1AFFF-6E39-4C7A-8561-11A5BE3237C3} = {9A178B7A-8913-474B-9C64-B8B6E35B3E6B}
		{2729AA66-4C7F-4FEF-8DC3-007BA0399684} = {9A178B7A-8913-474B-9C64-B8B6E35B3E6B}
		{16ED0686-CD3F-415E-B0E4-FFA314099887} = {9A178B7A-8913-474B-9C64-B8B6E35B3E6B}
	EndGlobalSection
	GlobalSection(ExtensibilityGlobals) = postSolution
		SolutionGuid = {440FC278-01FD-4968-B58C-261C4DA6F4AC}
	EndGlobalSection
EndGlobal
